
Microsoft Visual Studio Solution File, Format Version 12.00
# Visual Studio 15
VisualStudioVersion = 15.0.28307.1231
MinimumVisualStudioVersion = 10.0.40219.1
Project("{FAE04EC0-301F-11D3-BF4B-00C04F79EFBC}") = "ConsoleHttpClientApp", "ConsoleHttpClientApp.csproj", "{60D4477D-2089-4683-85E2-6CFA7FA4911E}"
EndProject
Global
	GlobalSection(SolutionConfigurationPlatforms) = preSolution
		Debug|Any CPU = Debug|Any CPU
		Debug|x64 = Debug|x64
		Release|Any CPU = Release|Any CPU
		Release|x64 = Release|x64
	EndGlobalSection
	GlobalSection(ProjectConfigurationPlatforms) = postSolution
		{60D4477D-2089-4683-85E2-6CFA7FA4911E}.Debug|Any CPU.ActiveCfg = Debug|Any CPU
		{60D4477D-2089-4683-85E2-6CFA7FA4911E}.Debug|Any CPU.Build.0 = Debug|Any CPU
		{60D4477D-2089-4683-85E2-6CFA7FA4911E}.Debug|x64.ActiveCfg = Debug|x64
		{60D4477D-2089-4683-85E2-6CFA7FA4911E}.Debug|x64.Build.0 = Debug|x64
		{60D4477D-2089-4683-85E2-6CFA7FA4911E}.Release|Any CPU.ActiveCfg = Release|Any CPU
		{60D4477D-2089-4683-85E2-6CFA7FA4911E}.Release|Any CPU.Build.0 = Release|Any CPU
		{60D4477D-2089-4683-85E2-6CFA7FA4911E}.Release|x64.ActiveCfg = Release|x64
		{60D4477D-2089-4683-85E2-6CFA7FA4911E}.Release|x64.Build.0 = Release|x64
	EndGlobalSection
	GlobalSection(SolutionProperties) = preSolution
		HideSolutionNode = FALSE
	EndGlobalSection
	GlobalSection(ExtensibilityGlobals) = postSolution
		SolutionGuid = {84766873-D861-4460-B57B-F84E64D7D4AC}
	EndGlobalSection
EndGlobal
