
Microsoft Visual Studio Solution File, Format Version 12.00
# Visual Studio 15
VisualStudioVersion = 15.0.28307.1231
MinimumVisualStudioVersion = 10.0.40219.1
Project("{FAE04EC0-301F-11D3-BF4B-00C04F79EFBC}") = "MessageBindeTest", "MessageBindeTest\MessageBindeTest.csproj", "{F47FEC21-530E-4187-9FED-6D74D6A66396}"
EndProject
Project("{FAE04EC0-301F-11D3-BF4B-00C04F79EFBC}") = "Serializer", "..\Serializer\Serializer.csproj", "{9803E78C-D9D8-438B-9B4E-C672CA56250C}"
EndProject
Global
	GlobalSection(SolutionConfigurationPlatforms) = preSolution
		Debug|Any CPU = Debug|Any CPU
		Release|Any CPU = Release|Any CPU
	EndGlobalSection
	GlobalSection(ProjectConfigurationPlatforms) = postSolution
		{F47FEC21-530E-4187-9FED-6D74D6A66396}.Debug|Any CPU.ActiveCfg = Debug|Any CPU
		{F47FEC21-530E-4187-9FED-6D74D6A66396}.Debug|Any CPU.Build.0 = Debug|Any CPU
		{F47FEC21-530E-4187-9FED-6D74D6A66396}.Release|Any CPU.ActiveCfg = Release|Any CPU
		{F47FEC21-530E-4187-9FED-6D74D6A66396}.Release|Any CPU.Build.0 = Release|Any CPU
		{9803E78C-D9D8-438B-9B4E-C672CA56250C}.Debug|Any CPU.ActiveCfg = Debug|Any CPU
		{9803E78C-D9D8-438B-9B4E-C672CA56250C}.Debug|Any CPU.Build.0 = Debug|Any CPU
		{9803E78C-D9D8-438B-9B4E-C672CA56250C}.Release|Any CPU.ActiveCfg = Release|Any CPU
		{9803E78C-D9D8-438B-9B4E-C672CA56250C}.Release|Any CPU.Build.0 = Release|Any CPU
	EndGlobalSection
	GlobalSection(SolutionProperties) = preSolution
		HideSolutionNode = FALSE
	EndGlobalSection
	GlobalSection(ExtensibilityGlobals) = postSolution
		SolutionGuid = {A26AD392-E38A-4AF1-894A-48EA1D95A797}
	EndGlobalSection
EndGlobal
