
Microsoft Visual Studio Solution File, Format Version 12.00
# Visual Studio 15
VisualStudioVersion = 15.0.28307.1231
MinimumVisualStudioVersion = 10.0.40219.1
Project("{FAE04EC0-301F-11D3-BF4B-00C04F79EFBC}") = "DIstudy", "DIstudy\DIstudy.csproj", "{B8392811-EA43-4D01-9CF1-F40432D689B3}"
EndProject
Project("{FAE04EC0-301F-11D3-BF4B-00C04F79EFBC}") = "Test", "Test\Test.csproj", "{E74B3AA2-7238-4B98-8777-470EEFD64264}"
EndProject
Global
	GlobalSection(SolutionConfigurationPlatforms) = preSolution
		Debug|Any CPU = Debug|Any CPU
		Release|Any CPU = Release|Any CPU
	EndGlobalSection
	GlobalSection(ProjectConfigurationPlatforms) = postSolution
		{B8392811-EA43-4D01-9CF1-F40432D689B3}.Debug|Any CPU.ActiveCfg = Debug|Any CPU
		{B8392811-EA43-4D01-9CF1-F40432D689B3}.Debug|Any CPU.Build.0 = Debug|Any CPU
		{B8392811-EA43-4D01-9CF1-F40432D689B3}.Release|Any CPU.ActiveCfg = Release|Any CPU
		{B8392811-EA43-4D01-9CF1-F40432D689B3}.Release|Any CPU.Build.0 = Release|Any CPU
		{E74B3AA2-7238-4B98-8777-470EEFD64264}.Debug|Any CPU.ActiveCfg = Debug|Any CPU
		{E74B3AA2-7238-4B98-8777-470EEFD64264}.Debug|Any CPU.Build.0 = Debug|Any CPU
		{E74B3AA2-7238-4B98-8777-470EEFD64264}.Release|Any CPU.ActiveCfg = Release|Any CPU
		{E74B3AA2-7238-4B98-8777-470EEFD64264}.Release|Any CPU.Build.0 = Release|Any CPU
	EndGlobalSection
	GlobalSection(SolutionProperties) = preSolution
		HideSolutionNode = FALSE
	EndGlobalSection
	GlobalSection(ExtensibilityGlobals) = postSolution
		SolutionGuid = {0CCF4B2D-4C15-4373-9E4C-76217CA3EA01}
	EndGlobalSection
EndGlobal
